
Microsoft Visual Studio Solution File, Format Version 12.00
# Visual Studio Version 16
VisualStudioVersion = 16.0.29613.14
MinimumVisualStudioVersion = 10.0.40219.1
Project("{FAE04EC0-301F-11D3-BF4B-00C04F79EFBC}") = "WebApp", "WebApp\WebApp.csproj", "{7786B43B-E79E-43AF-B2DE-BF093B34FF6B}"
EndProject
Project("{FAE04EC0-301F-11D3-BF4B-00C04F79EFBC}") = "ChinookSystem", "ChinookSystem\ChinookSystem.csproj", "{05D8C05F-D5A6-459A-AAA1-23D67290EA4F}"
EndProject
Project("{FAE04EC0-301F-11D3-BF4B-00C04F79EFBC}") = "ChinookSystem.Data", "ChinookSystem.Data\ChinookSystem.Data.csproj", "{62444104-58E6-4E0A-8DD6-DD038FDE7C62}"
EndProject
Global
	GlobalSection(SolutionConfigurationPlatforms) = preSolution
		Debug|Any CPU = Debug|Any CPU
		Release|Any CPU = Release|Any CPU
	EndGlobalSection
	GlobalSection(ProjectConfigurationPlatforms) = postSolution
		{7786B43B-E79E-43AF-B2DE-BF093B34FF6B}.Debug|Any CPU.ActiveCfg = Debug|Any CPU
		{7786B43B-E79E-43AF-B2DE-BF093B34FF6B}.Debug|Any CPU.Build.0 = Debug|Any CPU
		{7786B43B-E79E-43AF-B2DE-BF093B34FF6B}.Release|Any CPU.ActiveCfg = Release|Any CPU
		{7786B43B-E79E-43AF-B2DE-BF093B34FF6B}.Release|Any CPU.Build.0 = Release|Any CPU
		{05D8C05F-D5A6-459A-AAA1-23D67290EA4F}.Debug|Any CPU.ActiveCfg = Debug|Any CPU
		{05D8C05F-D5A6-459A-AAA1-23D67290EA4F}.Debug|Any CPU.Build.0 = Debug|Any CPU
		{05D8C05F-D5A6-459A-AAA1-23D67290EA4F}.Release|Any CPU.ActiveCfg = Release|Any CPU
		{05D8C05F-D5A6-459A-AAA1-23D67290EA4F}.Release|Any CPU.Build.0 = Release|Any CPU
		{62444104-58E6-4E0A-8DD6-DD038FDE7C62}.Debug|Any CPU.ActiveCfg = Debug|Any CPU
		{62444104-58E6-4E0A-8DD6-DD038FDE7C62}.Debug|Any CPU.Build.0 = Debug|Any CPU
		{62444104-58E6-4E0A-8DD6-DD038FDE7C62}.Release|Any CPU.ActiveCfg = Release|Any CPU
		{62444104-58E6-4E0A-8DD6-DD038FDE7C62}.Release|Any CPU.Build.0 = Release|Any CPU
	EndGlobalSection
	GlobalSection(SolutionProperties) = preSolution
		HideSolutionNode = FALSE
	EndGlobalSection
	GlobalSection(ExtensibilityGlobals) = postSolution
		SolutionGuid = {E42EF8B9-6D4E-4945-80BB-4F6799E22AA3}
	EndGlobalSection
EndGlobal
