
Microsoft Visual Studio Solution File, Format Version 12.00
# Visual Studio Version 16
VisualStudioVersion = 16.0.29209.62
MinimumVisualStudioVersion = 10.0.40219.1
Project("{FAE04EC0-301F-11D3-BF4B-00C04F79EFBC}") = "WebApp", "WebApp\WebApp.csproj", "{7238CF5A-48AA-43F1-A3FB-F7F3ADFAC672}"
EndProject
Project("{FAE04EC0-301F-11D3-BF4B-00C04F79EFBC}") = "ChinookSystem.Data", "ChinookSystems.Data\ChinookSystem.Data.csproj", "{DF0E890E-C063-4267-B9E0-7478427D8A0F}"
EndProject
Project("{FAE04EC0-301F-11D3-BF4B-00C04F79EFBC}") = "ChinookSystem", "ChinookSystem\ChinookSystem.csproj", "{830E4640-936E-421A-9F2C-2D307E82743D}"
EndProject
Global
	GlobalSection(SolutionConfigurationPlatforms) = preSolution
		Debug|Any CPU = Debug|Any CPU
		Release|Any CPU = Release|Any CPU
	EndGlobalSection
	GlobalSection(ProjectConfigurationPlatforms) = postSolution
		{7238CF5A-48AA-43F1-A3FB-F7F3ADFAC672}.Debug|Any CPU.ActiveCfg = Debug|Any CPU
		{7238CF5A-48AA-43F1-A3FB-F7F3ADFAC672}.Debug|Any CPU.Build.0 = Debug|Any CPU
		{7238CF5A-48AA-43F1-A3FB-F7F3ADFAC672}.Release|Any CPU.ActiveCfg = Release|Any CPU
		{7238CF5A-48AA-43F1-A3FB-F7F3ADFAC672}.Release|Any CPU.Build.0 = Release|Any CPU
		{DF0E890E-C063-4267-B9E0-7478427D8A0F}.Debug|Any CPU.ActiveCfg = Debug|Any CPU
		{DF0E890E-C063-4267-B9E0-7478427D8A0F}.Debug|Any CPU.Build.0 = Debug|Any CPU
		{DF0E890E-C063-4267-B9E0-7478427D8A0F}.Release|Any CPU.ActiveCfg = Release|Any CPU
		{DF0E890E-C063-4267-B9E0-7478427D8A0F}.Release|Any CPU.Build.0 = Release|Any CPU
		{830E4640-936E-421A-9F2C-2D307E82743D}.Debug|Any CPU.ActiveCfg = Debug|Any CPU
		{830E4640-936E-421A-9F2C-2D307E82743D}.Debug|Any CPU.Build.0 = Debug|Any CPU
		{830E4640-936E-421A-9F2C-2D307E82743D}.Release|Any CPU.ActiveCfg = Release|Any CPU
		{830E4640-936E-421A-9F2C-2D307E82743D}.Release|Any CPU.Build.0 = Release|Any CPU
	EndGlobalSection
	GlobalSection(SolutionProperties) = preSolution
		HideSolutionNode = FALSE
	EndGlobalSection
	GlobalSection(ExtensibilityGlobals) = postSolution
		SolutionGuid = {487C8805-EB0D-4F58-905A-1E54F1281A30}
	EndGlobalSection
EndGlobal
